
Microsoft Visual Studio Solution File, Format Version 12.00
# Visual Studio Version 17
VisualStudioVersion = 17.5.2.0
MinimumVisualStudioVersion = 10.0.40219.1
Project("{FAE04EC0-301F-11D3-BF4B-00C04F79EFBC}") = "LogiTrack.Web", "LogiTrack.Web\LogiTrack.Web.csproj", "{60558353-177F-3DBC-2B72-497640675858}"
EndProject
Project("{FAE04EC0-301F-11D3-BF4B-00C04F79EFBC}") = "LogiTrack.Data", "LogiTrack.Data\LogiTrack.Data.csproj", "{B14792B7-BD42-4E89-9264-B89F08A857BE}"
EndProject
Project("{FAE04EC0-301F-11D3-BF4B-00C04F79EFBC}") = "LogiTrack.Data.Tests", "LogiTrack.Data.Tests\LogiTrack.Data.Tests.csproj", "{019BDECC-30B9-410A-A557-E4026E85614B}"
EndProject
Project("{FAE04EC0-301F-11D3-BF4B-00C04F79EFBC}") = "LogiTrack.Domain", "LogiTrack.Domain\LogiTrack.Domain.csproj", "{0AE5C2E2-E66D-46E5-8154-328B626F526D}"
EndProject
Project("{FAE04EC0-301F-11D3-BF4B-00C04F79EFBC}") = "LogiTrack.Domain.Tests", "LogiTrack.Domain.Tests\LogiTrack.Domain.Tests.csproj", "{57DEAB32-F031-4C35-88DC-4C0B915535C7}"
EndProject
Project("{FAE04EC0-301F-11D3-BF4B-00C04F79EFBC}") = "LogiTrack.Web.Tests", "LogiTrack.Web.Tests\LogiTrack.Web.Tests.csproj", "{805E636C-2509-4E94-AA5C-B120D6F2111C}"
EndProject
Global
	GlobalSection(SolutionConfigurationPlatforms) = preSolution
		Debug|Any CPU = Debug|Any CPU
		Debug|x64 = Debug|x64
		Debug|x86 = Debug|x86
		Release|Any CPU = Release|Any CPU
		Release|x64 = Release|x64
		Release|x86 = Release|x86
	EndGlobalSection
	GlobalSection(ProjectConfigurationPlatforms) = postSolution
		{60558353-177F-3DBC-2B72-497640675858}.Debug|Any CPU.ActiveCfg = Debug|Any CPU
		{60558353-177F-3DBC-2B72-497640675858}.Debug|Any CPU.Build.0 = Debug|Any CPU
		{60558353-177F-3DBC-2B72-497640675858}.Debug|x64.ActiveCfg = Debug|Any CPU
		{60558353-177F-3DBC-2B72-497640675858}.Debug|x64.Build.0 = Debug|Any CPU
		{60558353-177F-3DBC-2B72-497640675858}.Debug|x86.ActiveCfg = Debug|Any CPU
		{60558353-177F-3DBC-2B72-497640675858}.Debug|x86.Build.0 = Debug|Any CPU
		{60558353-177F-3DBC-2B72-497640675858}.Release|Any CPU.ActiveCfg = Release|Any CPU
		{60558353-177F-3DBC-2B72-497640675858}.Release|Any CPU.Build.0 = Release|Any CPU
		{60558353-177F-3DBC-2B72-497640675858}.Release|x64.ActiveCfg = Release|Any CPU
		{60558353-177F-3DBC-2B72-497640675858}.Release|x64.Build.0 = Release|Any CPU
		{60558353-177F-3DBC-2B72-497640675858}.Release|x86.ActiveCfg = Release|Any CPU
		{60558353-177F-3DBC-2B72-497640675858}.Release|x86.Build.0 = Release|Any CPU
		{B14792B7-BD42-4E89-9264-B89F08A857BE}.Debug|Any CPU.ActiveCfg = Debug|Any CPU
		{B14792B7-BD42-4E89-9264-B89F08A857BE}.Debug|Any CPU.Build.0 = Debug|Any CPU
		{B14792B7-BD42-4E89-9264-B89F08A857BE}.Debug|x64.ActiveCfg = Debug|Any CPU
		{B14792B7-BD42-4E89-9264-B89F08A857BE}.Debug|x64.Build.0 = Debug|Any CPU
		{B14792B7-BD42-4E89-9264-B89F08A857BE}.Debug|x86.ActiveCfg = Debug|Any CPU
		{B14792B7-BD42-4E89-9264-B89F08A857BE}.Debug|x86.Build.0 = Debug|Any CPU
		{B14792B7-BD42-4E89-9264-B89F08A857BE}.Release|Any CPU.ActiveCfg = Release|Any CPU
		{B14792B7-BD42-4E89-9264-B89F08A857BE}.Release|Any CPU.Build.0 = Release|Any CPU
		{B14792B7-BD42-4E89-9264-B89F08A857BE}.Release|x64.ActiveCfg = Release|Any CPU
		{B14792B7-BD42-4E89-9264-B89F08A857BE}.Release|x64.Build.0 = Release|Any CPU
		{B14792B7-BD42-4E89-9264-B89F08A857BE}.Release|x86.ActiveCfg = Release|Any CPU
		{B14792B7-BD42-4E89-9264-B89F08A857BE}.Release|x86.Build.0 = Release|Any CPU
		{019BDECC-30B9-410A-A557-E4026E85614B}.Debug|Any CPU.ActiveCfg = Debug|Any CPU
		{019BDECC-30B9-410A-A557-E4026E85614B}.Debug|Any CPU.Build.0 = Debug|Any CPU
		{019BDECC-30B9-410A-A557-E4026E85614B}.Debug|x64.ActiveCfg = Debug|Any CPU
		{019BDECC-30B9-410A-A557-E4026E85614B}.Debug|x64.Build.0 = Debug|Any CPU
		{019BDECC-30B9-410A-A557-E4026E85614B}.Debug|x86.ActiveCfg = Debug|Any CPU
		{019BDECC-30B9-410A-A557-E4026E85614B}.Debug|x86.Build.0 = Debug|Any CPU
		{019BDECC-30B9-410A-A557-E4026E85614B}.Release|Any CPU.ActiveCfg = Release|Any CPU
		{019BDECC-30B9-410A-A557-E4026E85614B}.Release|Any CPU.Build.0 = Release|Any CPU
		{019BDECC-30B9-410A-A557-E4026E85614B}.Release|x64.ActiveCfg = Release|Any CPU
		{019BDECC-30B9-410A-A557-E4026E85614B}.Release|x64.Build.0 = Release|Any CPU
		{019BDECC-30B9-410A-A557-E4026E85614B}.Release|x86.ActiveCfg = Release|Any CPU
		{019BDECC-30B9-410A-A557-E4026E85614B}.Release|x86.Build.0 = Release|Any CPU
		{0AE5C2E2-E66D-46E5-8154-328B626F526D}.Debug|Any CPU.ActiveCfg = Debug|Any CPU
		{0AE5C2E2-E66D-46E5-8154-328B626F526D}.Debug|Any CPU.Build.0 = Debug|Any CPU
		{0AE5C2E2-E66D-46E5-8154-328B626F526D}.Debug|x64.ActiveCfg = Debug|Any CPU
		{0AE5C2E2-E66D-46E5-8154-328B626F526D}.Debug|x64.Build.0 = Debug|Any CPU
		{0AE5C2E2-E66D-46E5-8154-328B626F526D}.Debug|x86.ActiveCfg = Debug|Any CPU
		{0AE5C2E2-E66D-46E5-8154-328B626F526D}.Debug|x86.Build.0 = Debug|Any CPU
		{0AE5C2E2-E66D-46E5-8154-328B626F526D}.Release|Any CPU.ActiveCfg = Release|Any CPU
		{0AE5C2E2-E66D-46E5-8154-328B626F526D}.Release|Any CPU.Build.0 = Release|Any CPU
		{0AE5C2E2-E66D-46E5-8154-328B626F526D}.Release|x64.ActiveCfg = Release|Any CPU
		{0AE5C2E2-E66D-46E5-8154-328B626F526D}.Release|x64.Build.0 = Release|Any CPU
		{0AE5C2E2-E66D-46E5-8154-328B626F526D}.Release|x86.ActiveCfg = Release|Any CPU
		{0AE5C2E2-E66D-46E5-8154-328B626F526D}.Release|x86.Build.0 = Release|Any CPU
		{57DEAB32-F031-4C35-88DC-4C0B915535C7}.Debug|Any CPU.ActiveCfg = Debug|Any CPU
		{57DEAB32-F031-4C35-88DC-4C0B915535C7}.Debug|Any CPU.Build.0 = Debug|Any CPU
		{57DEAB32-F031-4C35-88DC-4C0B915535C7}.Debug|x64.ActiveCfg = Debug|Any CPU
		{57DEAB32-F031-4C35-88DC-4C0B915535C7}.Debug|x64.Build.0 = Debug|Any CPU
		{57DEAB32-F031-4C35-88DC-4C0B915535C7}.Debug|x86.ActiveCfg = Debug|Any CPU
		{57DEAB32-F031-4C35-88DC-4C0B915535C7}.Debug|x86.Build.0 = Debug|Any CPU
		{57DEAB32-F031-4C35-88DC-4C0B915535C7}.Release|Any CPU.ActiveCfg = Release|Any CPU
		{57DEAB32-F031-4C35-88DC-4C0B915535C7}.Release|Any CPU.Build.0 = Release|Any CPU
		{57DEAB32-F031-4C35-88DC-4C0B915535C7}.Release|x64.ActiveCfg = Release|Any CPU
		{57DEAB32-F031-4C35-88DC-4C0B915535C7}.Release|x64.Build.0 = Release|Any CPU
		{57DEAB32-F031-4C35-88DC-4C0B915535C7}.Release|x86.ActiveCfg = Release|Any CPU
		{57DEAB32-F031-4C35-88DC-4C0B915535C7}.Release|x86.Build.0 = Release|Any CPU
		{805E636C-2509-4E94-AA5C-B120D6F2111C}.Debug|Any CPU.ActiveCfg = Debug|Any CPU
		{805E636C-2509-4E94-AA5C-B120D6F2111C}.Debug|Any CPU.Build.0 = Debug|Any CPU
		{805E636C-2509-4E94-AA5C-B120D6F2111C}.Debug|x64.ActiveCfg = Debug|Any CPU
		{805E636C-2509-4E94-AA5C-B120D6F2111C}.Debug|x64.Build.0 = Debug|Any CPU
		{805E636C-2509-4E94-AA5C-B120D6F2111C}.Debug|x86.ActiveCfg = Debug|Any CPU
		{805E636C-2509-4E94-AA5C-B120D6F2111C}.Debug|x86.Build.0 = Debug|Any CPU
		{805E636C-2509-4E94-AA5C-B120D6F2111C}.Release|Any CPU.ActiveCfg = Release|Any CPU
		{805E636C-2509-4E94-AA5C-B120D6F2111C}.Release|Any CPU.Build.0 = Release|Any CPU
		{805E636C-2509-4E94-AA5C-B120D6F2111C}.Release|x64.ActiveCfg = Release|Any CPU
		{805E636C-2509-4E94-AA5C-B120D6F2111C}.Release|x64.Build.0 = Release|Any CPU
		{805E636C-2509-4E94-AA5C-B120D6F2111C}.Release|x86.ActiveCfg = Release|Any CPU
		{805E636C-2509-4E94-AA5C-B120D6F2111C}.Release|x86.Build.0 = Release|Any CPU
	EndGlobalSection
	GlobalSection(SolutionProperties) = preSolution
		HideSolutionNode = FALSE
	EndGlobalSection
	GlobalSection(ExtensibilityGlobals) = postSolution
		SolutionGuid = {CC6CF1DD-D3AA-425B-92C3-6A4B27179D8B}
	EndGlobalSection
EndGlobal
